// !$*UTF8*$!
{
	archiveVersion = 1;
	classes = {
	};
	objectVersion = 46;
	objects = {

/* Begin PBXBuildFile section */
		16BC243E1C17D8DA00087427 /* AppDelegate.swift in Sources */ = {isa = PBXBuildFile; fileRef = 16BC243D1C17D8DA00087427 /* AppDelegate.swift */; };
		16BC24401C17D8DA00087427 /* ViewController.swift in Sources */ = {isa = PBXBuildFile; fileRef = 16BC243F1C17D8DA00087427 /* ViewController.swift */; };
		16BC24431C17D8DA00087427 /* Main.storyboard in Resources */ = {isa = PBXBuildFile; fileRef = 16BC24411C17D8DA00087427 /* Main.storyboard */; };
		16BC24451C17D8DA00087427 /* Assets.xcassets in Resources */ = {isa = PBXBuildFile; fileRef = 16BC24441C17D8DA00087427 /* Assets.xcassets */; };
		16BC24481C17D8DA00087427 /* LaunchScreen.storyboard in Resources */ = {isa = PBXBuildFile; fileRef = 16BC24461C17D8DA00087427 /* LaunchScreen.storyboard */; };
		16BC24511C17DB3000087427 /* checkerboard.jpg in Resources */ = {isa = PBXBuildFile; fileRef = 16BC24501C17DB3000087427 /* checkerboard.jpg */; };
		16BC24531C17DE0D00087427 /* Piece.swift in Sources */ = {isa = PBXBuildFile; fileRef = 16BC24521C17DE0D00087427 /* Piece.swift */; };
/* End PBXBuildFile section */

/* Begin PBXFileReference section */
		16BC243A1C17D8DA00087427 /* Chess.app */ = {isa = PBXFileReference; explicitFileType = wrapper.application; includeInIndex = 0; path = Chess.app; sourceTree = BUILT_PRODUCTS_DIR; };
		16BC243D1C17D8DA00087427 /* AppDelegate.swift */ = {isa = PBXFileReference; lastKnownFileType = sourcecode.swift; path = AppDelegate.swift; sourceTree = "<group>"; };
		16BC243F1C17D8DA00087427 /* ViewController.swift */ = {isa = PBXFileReference; lastKnownFileType = sourcecode.swift; path = ViewController.swift; sourceTree = "<group>"; };
		16BC24421C17D8DA00087427 /* Base */ = {isa = PBXFileReference; lastKnownFileType = file.storyboard; name = Base; path = Base.lproj/Main.storyboard; sourceTree = "<group>"; };
		16BC24441C17D8DA00087427 /* Assets.xcassets */ = {isa = PBXFileReference; lastKnownFileType = folder.assetcatalog; path = Assets.xcassets; sourceTree = "<group>"; };
		16BC24471C17D8DA00087427 /* Base */ = {isa = PBXFileReference; lastKnownFileType = file.storyboard; name = Base; path = Base.lproj/LaunchScreen.storyboard; sourceTree = "<group>"; };
		16BC24491C17D8DA00087427 /* Info.plist */ = {isa = PBXFileReference; lastKnownFileType = text.plist.xml; path = Info.plist; sourceTree = "<group>"; };
		16BC24501C17DB3000087427 /* checkerboard.jpg */ = {isa = PBXFileReference; lastKnownFileType = image.jpeg; path = checkerboard.jpg; sourceTree = "<group>"; };
		16BC24521C17DE0D00087427 /* Piece.swift */ = {isa = PBXFileReference; fileEncoding = 4; lastKnownFileType = sourcecode.swift; path = Piece.swift; sourceTree = "<group>"; };
/* End PBXFileReference section */

/* Begin PBXFrameworksBuildPhase section */
		16BC24371C17D8DA00087427 /* Frameworks */ = {
			isa = PBXFrameworksBuildPhase;
			buildActionMask = 2147483647;
			files = (
			);
			runOnlyForDeploymentPostprocessing = 0;
		};
/* End PBXFrameworksBuildPhase section */

/* Begin PBXGroup section */
		16BC24311C17D8DA00087427 = {
			isa = PBXGroup;
			children = (
				16BC243C1C17D8DA00087427 /* Chess */,
				16BC243B1C17D8DA00087427 /* Products */,
			);
			sourceTree = "<group>";
		};
		16BC243B1C17D8DA00087427 /* Products */ = {
			isa = PBXGroup;
			children = (
				16BC243A1C17D8DA00087427 /* Chess.app */,
			);
			name = Products;
			sourceTree = "<group>";
		};
		16BC243C1C17D8DA00087427 /* Chess */ = {
			isa = PBXGroup;
			children = (
				16BC24561C17DFEB00087427 /* pieces */,
				16BC244F1C17DB2100087427 /* source */,
				16BC243D1C17D8DA00087427 /* AppDelegate.swift */,
				16BC243F1C17D8DA00087427 /* ViewController.swift */,
				16BC24411C17D8DA00087427 /* Main.storyboard */,
				16BC24441C17D8DA00087427 /* Assets.xcassets */,
				16BC24461C17D8DA00087427 /* LaunchScreen.storyboard */,
				16BC24491C17D8DA00087427 /* Info.plist */,
				16BC24521C17DE0D00087427 /* Piece.swift */,
			);
			path = Chess;
			sourceTree = "<group>";
		};
		16BC244F1C17DB2100087427 /* source */ = {
			isa = PBXGroup;
			children = (
				16BC24501C17DB3000087427 /* checkerboard.jpg */,
			);
			name = source;
			sourceTree = "<group>";
		};
		16BC24561C17DFEB00087427 /* pieces */ = {
			isa = PBXGroup;
			children = (
			);
			name = pieces;
			sourceTree = "<group>";
		};
/* End PBXGroup section */

/* Begin PBXNativeTarget section */
		16BC24391C17D8DA00087427 /* Chess */ = {
			isa = PBXNativeTarget;
			buildConfigurationList = 16BC244C1C17D8DA00087427 /* Build configuration list for PBXNativeTarget "Chess" */;
			buildPhases = (
				16BC24361C17D8DA00087427 /* Sources */,
				16BC24371C17D8DA00087427 /* Frameworks */,
				16BC24381C17D8DA00087427 /* Resources */,
			);
			buildRules = (
			);
			dependencies = (
			);
			name = Chess;
			productName = Chess;
			productReference = 16BC243A1C17D8DA00087427 /* Chess.app */;
			productType = "com.apple.product-type.application";
		};
/* End PBXNativeTarget section */

/* Begin PBXProject section */
		16BC24321C17D8DA00087427 /* Project object */ = {
			isa = PBXProject;
			attributes = {
				LastSwiftUpdateCheck = 0710;
				LastUpgradeCheck = 0710;
				ORGANIZATIONNAME = mortal;
				TargetAttributes = {
					16BC24391C17D8DA00087427 = {
						CreatedOnToolsVersion = 7.1.1;
					};
				};
			};
			buildConfigurationList = 16BC24351C17D8DA00087427 /* Build configuration list for PBXProject "Chess" */;
			compatibilityVersion = "Xcode 3.2";
			developmentRegion = English;
			hasScannedForEncodings = 0;
			knownRegions = (
				en,
				Base,
			);
			mainGroup = 16BC24311C17D8DA00087427;
			productRefGroup = 16BC243B1C17D8DA00087427 /* Products */;
			projectDirPath = "";
			projectRoot = "";
			targets = (
				16BC24391C17D8DA00087427 /* Chess */,
			);
		};
/* End PBXProject section */

/* Begin PBXResourcesBuildPhase section */
		16BC24381C17D8DA00087427 /* Resources */ = {
			isa = PBXResourcesBuildPhase;
			buildActionMask = 2147483647;
			files = (
				16BC24481C17D8DA00087427 /* LaunchScreen.storyboard in Resources */,
				16BC24451C17D8DA00087427 /* Assets.xcassets in Resources */,
				16BC24511C17DB3000087427 /* checkerboard.jpg in Resources */,
				16BC24431C17D8DA00087427 /* Main.storyboard in Resources */,
			);
			runOnlyForDeploymentPostprocessing = 0;
		};
/* End PBXResourcesBuildPhase section */

/* Begin PBXSourcesBuildPhase section */
		16BC24361C17D8DA00087427 /* Sources */ = {
			isa = PBXSourcesBuildPhase;
			buildActionMask = 2147483647;
			files = (
				16BC24401C17D8DA00087427 /* ViewController.swift in Sources */,
				16BC243E1C17D8DA00087427 /* AppDelegate.swift in Sources */,
				16BC24531C17DE0D00087427 /* Piece.swift in Sources */,
			);
			runOnlyForDeploymentPostprocessing = 0;
		};
/* End PBXSourcesBuildPhase section */

/* Begin PBXVariantGroup section */
		16BC24411C17D8DA00087427 /* Main.storyboard */ = {
			isa = PBXVariantGroup;
			children = (
				16BC24421C17D8DA00087427 /* Base */,
			);
			name = Main.storyboard;
			sourceTree = "<group>";
		};
		16BC24461C17D8DA00087427 /* LaunchScreen.storyboard */ = {
			isa = PBXVariantGroup;
			children = (
				16BC24471C17D8DA00087427 /* Base */,
			);
			name = LaunchScreen.storyboard;
			sourceTree = "<group>";
		};
/* End PBXVariantGroup section */

/* Begin XCBuildConfiguration section */
		16BC244A1C17D8DA00087427 /* Debug */ = {
			isa = XCBuildConfiguration;
			buildSettings = {
				ALWAYS_SEARCH_USER_PATHS = NO;
				CLANG_CXX_LANGUAGE_STANDARD = "gnu++0x";
				CLANG_CXX_LIBRARY = "libc++";
				CLANG_ENABLE_MODULES = YES;
				CLANG_ENABLE_OBJC_ARC = YES;
				CLANG_WARN_BOOL_CONVERSION = YES;
				CLANG_WARN_CONSTANT_CONVERSION = YES;
				CLANG_WARN_DIRECT_OBJC_ISA_USAGE = YES_ERROR;
				CLANG_WARN_EMPTY_BODY = YES;
				CLANG_WARN_ENUM_CONVERSION = YES;
				CLANG_WARN_INT_CONVERSION = YES;
				CLANG_WARN_OBJC_ROOT_CLASS = YES_ERROR;
				CLANG_WARN_UNREACHABLE_CODE = YES;
				CLANG_WARN__DUPLICATE_METHOD_MATCH = YES;
				"CODE_SIGN_IDENTITY[sdk=iphoneos*]" = "iPhone Developer";
				COPY_PHASE_STRIP = NO;
				DEBUG_INFORMATION_FORMAT = dwarf;
				ENABLE_STRICT_OBJC_MSGSEND = YES;
				ENABLE_TESTABILITY = YES;
				GCC_C_LANGUAGE_STANDARD = gnu99;
				GCC_DYNAMIC_NO_PIC = NO;
				GCC_NO_COMMON_BLOCKS = YES;
				GCC_OPTIMIZATION_LEVEL = 0;
				GCC_PREPROCESSOR_DEFINITIONS = (
					"DEBUG=1",
					"$(inherited)",
				);
				GCC_WARN_64_TO_32_BIT_CONVERSION = YES;
				GCC_WARN_ABOUT_RETURN_TYPE = YES_ERROR;
				GCC_WARN_UNDECLARED_SELECTOR = YES;
				GCC_WARN_UNINITIALIZED_AUTOS = YES_AGGRESSIVE;
				GCC_WARN_UNUSED_FUNCTION = YES;
				GCC_WARN_UNUSED_VARIABLE = YES;
				IPHONEOS_DEPLOYMENT_TARGET = 9.1;
				MTL_ENABLE_DEBUG_INFO = YES;
				ONLY_ACTIVE_ARCH = YES;
				SDKROOT = iphoneos;
				SWIFT_OPTIMIZATION_LEVEL = "-Onone";
			};
			name = Debug;
		};
		16BC244B1C17D8DA00087427 /* Release */ = {
			isa = XCBuildConfiguration;
			buildSettings = {
				ALWAYS_SEARCH_USER_PATHS = NO;
				CLANG_CXX_LANGUAGE_STANDARD = "gnu++0x";
				CLANG_CXX_LIBRARY = "libc++";
				CLANG_ENABLE_MODULES = YES;
				CLANG_ENABLE_OBJC_ARC = YES;
				CLANG_WARN_BOOL_CONVERSION = YES;
				CLANG_WARN_CONSTANT_CONVERSION = YES;
				CLANG_WARN_DIRECT_OBJC_ISA_USAGE = YES_ERROR;
				CLANG_WARN_EMPTY_BODY = YES;
				CLANG_WARN_ENUM_CONVERSION = YES;
				CLANG_WARN_INT_CONVERSION = YES;
				CLANG_WARN_OBJC_ROOT_CLASS = YES_ERROR;
				CLANG_WARN_UNREACHABLE_CODE = YES;
				CLANG_WARN__DUPLICATE_METHOD_MATCH = YES;
				"CODE_SIGN_IDENTITY[sdk=iphoneos*]" = "iPhone Developer";
				COPY_PHASE_STRIP = NO;
				DEBUG_INFORMATION_FORMAT = "dwarf-with-dsym";
				ENABLE_NS_ASSERTIONS = NO;
				ENABLE_STRICT_OBJC_MSGSEND = YES;
				GCC_C_LANGUAGE_STANDARD = gnu99;
				GCC_NO_COMMON_BLOCKS = YES;
				GCC_WARN_64_TO_32_BIT_CONVERSION = YES;
				GCC_WARN_ABOUT_RETURN_TYPE = YES_ERROR;
				GCC_WARN_UNDECLARED_SELECTOR = YES;
				GCC_WARN_UNINITIALIZED_AUTOS = YES_AGGRESSIVE;
				GCC_WARN_UNUSED_FUNCTION = YES;
				GCC_WARN_UNUSED_VARIABLE = YES;
				IPHONEOS_DEPLOYMENT_TARGET = 9.1;
				MTL_ENABLE_DEBUG_INFO = NO;
				SDKROOT = iphoneos;
				VALIDATE_PRODUCT = YES;
			};
			name = Release;
		};
		16BC244D1C17D8DA00087427 /* Debug */ = {
			isa = XCBuildConfiguration;
			buildSettings = {
				ASSETCATALOG_COMPILER_APPICON_NAME = AppIcon;
				INFOPLIST_FILE = Chess/Info.plist;
				LD_RUNPATH_SEARCH_PATHS = "$(inherited) @executable_path/Frameworks";
				PRODUCT_BUNDLE_IDENTIFIER = imortal.Chess;
				PRODUCT_NAME = "$(TARGET_NAME)";
				TARGETED_DEVICE_FAMILY = 2;
			};
			name = Debug;
		};
		16BC244E1C17D8DA00087427 /* Release */ = {
			isa = XCBuildConfiguration;
			buildSettings = {
				ASSETCATALOG_COMPILER_APPICON_NAME = AppIcon;
				INFOPLIST_FILE = Chess/Info.plist;
				LD_RUNPATH_SEARCH_PATHS = "$(inherited) @executable_path/Frameworks";
				PRODUCT_BUNDLE_IDENTIFIER = imortal.Chess;
				PRODUCT_NAME = "$(TARGET_NAME)";
				TARGETED_DEVICE_FAMILY = 2;
			};
			name = Release;
		};
/* End XCBuildConfiguration section */

/* Begin XCConfigurationList section */
		16BC24351C17D8DA00087427 /* Build configuration list for PBXProject "Chess" */ = {
			isa = XCConfigurationList;
			buildConfigurations = (
				16BC244A1C17D8DA00087427 /* Debug */,
				16BC244B1C17D8DA00087427 /* Release */,
			);
			defaultConfigurationIsVisible = 0;
			defaultConfigurationName = Release;
		};
		16BC244C1C17D8DA00087427 /* Build configuration list for PBXNativeTarget "Chess" */ = {
			isa = XCConfigurationList;
			buildConfigurations = (
				16BC244D1C17D8DA00087427 /* Debug */,
				16BC244E1C17D8DA00087427 /* Release */,
			);
			defaultConfigurationIsVisible = 0;
		};
/* End XCConfigurationList section */
	};
	rootObject = 16BC24321C17D8DA00087427 /* Project object */;
}
